
Microsoft Visual Studio Solution File, Format Version 12.00
# Visual Studio Version 17
VisualStudioVersion = 17.2.32519.379
MinimumVisualStudioVersion = 10.0.40219.1
Project("{8BC9CEB8-8B4A-11D0-8D11-00A0C91BC942}") = "Kursovaya2.0", "Kursovaya2.0\Kursovaya2.0.vcxproj", "{A9386416-4DDF-410B-8281-5BA998554152}"
EndProject
Global
	GlobalSection(SolutionConfigurationPlatforms) = preSolution
		Debug|x64 = Debug|x64
		Debug|x86 = Debug|x86
		Release|x64 = Release|x64
		Release|x86 = Release|x86
	EndGlobalSection
	GlobalSection(ProjectConfigurationPlatforms) = postSolution
		{A9386416-4DDF-410B-8281-5BA998554152}.Debug|x64.ActiveCfg = Debug|x64
		{A9386416-4DDF-410B-8281-5BA998554152}.Debug|x64.Build.0 = Debug|x64
		{A9386416-4DDF-410B-8281-5BA998554152}.Debug|x86.ActiveCfg = Debug|Win32
		{A9386416-4DDF-410B-8281-5BA998554152}.Debug|x86.Build.0 = Debug|Win32
		{A9386416-4DDF-410B-8281-5BA998554152}.Release|x64.ActiveCfg = Release|x64
		{A9386416-4DDF-410B-8281-5BA998554152}.Release|x64.Build.0 = Release|x64
		{A9386416-4DDF-410B-8281-5BA998554152}.Release|x86.ActiveCfg = Release|Win32
		{A9386416-4DDF-410B-8281-5BA998554152}.Release|x86.Build.0 = Release|Win32
	EndGlobalSection
	GlobalSection(SolutionProperties) = preSolution
		HideSolutionNode = FALSE
	EndGlobalSection
	GlobalSection(ExtensibilityGlobals) = postSolution
		SolutionGuid = {43EA1935-9C93-460C-9EDC-C8F4572CD320}
	EndGlobalSection
EndGlobal
